
Microsoft Visual Studio Solution File, Format Version 12.00
# Visual Studio 15
VisualStudioVersion = 15.0.28307.329
MinimumVisualStudioVersion = 10.0.40219.1
Project("{FAE04EC0-301F-11D3-BF4B-00C04F79EFBC}") = "Music Player", "Music Player\Music Player.csproj", "{DC46AB81-A98F-4F67-864F-4CC8B83511D2}"
EndProject
Global
	GlobalSection(SolutionConfigurationPlatforms) = preSolution
		Debug|Any CPU = Debug|Any CPU
		Release|Any CPU = Release|Any CPU
	EndGlobalSection
	GlobalSection(ProjectConfigurationPlatforms) = postSolution
		{DC46AB81-A98F-4F67-864F-4CC8B83511D2}.Debug|Any CPU.ActiveCfg = Debug|Any CPU
		{DC46AB81-A98F-4F67-864F-4CC8B83511D2}.Debug|Any CPU.Build.0 = Debug|Any CPU
		{DC46AB81-A98F-4F67-864F-4CC8B83511D2}.Release|Any CPU.ActiveCfg = Release|Any CPU
		{DC46AB81-A98F-4F67-864F-4CC8B83511D2}.Release|Any CPU.Build.0 = Release|Any CPU
	EndGlobalSection
	GlobalSection(SolutionProperties) = preSolution
		HideSolutionNode = FALSE
	EndGlobalSection
	GlobalSection(ExtensibilityGlobals) = postSolution
		SolutionGuid = {00B8E5FE-4EAA-4362-B338-B05BE6914F60}
	EndGlobalSection
EndGlobal
